// !$*UTF8*$!
{
	archiveVersion = 1;
	classes = {
	};
	objectVersion = 46;
	objects = {

/* Begin PBXBuildFile section */
		6DA427291AD31BB5001390FB /* main.m in Sources */ = {isa = PBXBuildFile; fileRef = 6DA427281AD31BB5001390FB /* main.m */; };
		6DA4272F1AD31BB5001390FB /* MMInstagram.xcdatamodeld in Sources */ = {isa = PBXBuildFile; fileRef = 6DA4272D1AD31BB5001390FB /* MMInstagram.xcdatamodeld */; };
		6DA427351AD31BB5001390FB /* Main.storyboard in Resources */ = {isa = PBXBuildFile; fileRef = 6DA427331AD31BB5001390FB /* Main.storyboard */; };
		6DA427371AD31BB5001390FB /* Images.xcassets in Resources */ = {isa = PBXBuildFile; fileRef = 6DA427361AD31BB5001390FB /* Images.xcassets */; };
		6DA4273A1AD31BB5001390FB /* LaunchScreen.xib in Resources */ = {isa = PBXBuildFile; fileRef = 6DA427381AD31BB5001390FB /* LaunchScreen.xib */; };
		6DA427461AD31BB5001390FB /* MMInstagramTests.m in Sources */ = {isa = PBXBuildFile; fileRef = 6DA427451AD31BB5001390FB /* MMInstagramTests.m */; };
		6DA427581AD3262A001390FB /* AppDelegate.m in Sources */ = {isa = PBXBuildFile; fileRef = 6DA427551AD3262A001390FB /* AppDelegate.m */; };
		6DA4275B1AD328F3001390FB /* AdSupport.framework in Frameworks */ = {isa = PBXBuildFile; fileRef = 6DA4275A1AD328F3001390FB /* AdSupport.framework */; };
		6DA4275D1AD328F9001390FB /* Social.framework in Frameworks */ = {isa = PBXBuildFile; fileRef = 6DA4275C1AD328F9001390FB /* Social.framework */; };
		6DA4275F1AD32900001390FB /* Accounts.framework in Frameworks */ = {isa = PBXBuildFile; fileRef = 6DA4275E1AD32900001390FB /* Accounts.framework */; };
		6DA427611AD32908001390FB /* AudioToolbox.framework in Frameworks */ = {isa = PBXBuildFile; fileRef = 6DA427601AD32908001390FB /* AudioToolbox.framework */; };
		6DA427631AD3290D001390FB /* CFNetwork.framework in Frameworks */ = {isa = PBXBuildFile; fileRef = 6DA427621AD3290D001390FB /* CFNetwork.framework */; };
		6DA427651AD32914001390FB /* CoreGraphics.framework in Frameworks */ = {isa = PBXBuildFile; fileRef = 6DA427641AD32914001390FB /* CoreGraphics.framework */; };
		6DA427671AD3291D001390FB /* Foundation.framework in Frameworks */ = {isa = PBXBuildFile; fileRef = 6DA427661AD3291D001390FB /* Foundation.framework */; };
		6DA427691AD32926001390FB /* libsqlite3.dylib in Frameworks */ = {isa = PBXBuildFile; fileRef = 6DA427681AD32926001390FB /* libsqlite3.dylib */; };
		6DA4276C1AD32952001390FB /* Bolts.framework in Frameworks */ = {isa = PBXBuildFile; fileRef = 6DA4276A1AD32952001390FB /* Bolts.framework */; };
		6DA4276D1AD32952001390FB /* Parse.framework in Frameworks */ = {isa = PBXBuildFile; fileRef = 6DA4276B1AD32952001390FB /* Parse.framework */; };
		6DA4276F1AD32965001390FB /* CoreLocation.framework in Frameworks */ = {isa = PBXBuildFile; fileRef = 6DA4276E1AD32965001390FB /* CoreLocation.framework */; };
		6DA427711AD3296D001390FB /* MobileCoreServices.framework in Frameworks */ = {isa = PBXBuildFile; fileRef = 6DA427701AD3296D001390FB /* MobileCoreServices.framework */; };
		6DA427731AD32973001390FB /* QuartzCore.framework in Frameworks */ = {isa = PBXBuildFile; fileRef = 6DA427721AD32973001390FB /* QuartzCore.framework */; };
		6DA427751AD3297A001390FB /* Security.framework in Frameworks */ = {isa = PBXBuildFile; fileRef = 6DA427741AD3297A001390FB /* Security.framework */; };
		6DA427771AD32981001390FB /* StoreKit.framework in Frameworks */ = {isa = PBXBuildFile; fileRef = 6DA427761AD32981001390FB /* StoreKit.framework */; };
		6DA427791AD3298E001390FB /* SystemConfiguration.framework in Frameworks */ = {isa = PBXBuildFile; fileRef = 6DA427781AD3298E001390FB /* SystemConfiguration.framework */; };
		6DA4277B1AD32994001390FB /* libz.dylib in Frameworks */ = {isa = PBXBuildFile; fileRef = 6DA4277A1AD32994001390FB /* libz.dylib */; };
		6DA4277E1AD32ADE001390FB /* MainViewController.m in Sources */ = {isa = PBXBuildFile; fileRef = 6DA4277D1AD32ADE001390FB /* MainViewController.m */; };
		6DA427811AD32AF4001390FB /* LoginViewController.m in Sources */ = {isa = PBXBuildFile; fileRef = 6DA427801AD32AF4001390FB /* LoginViewController.m */; };
		6DA427841AD32B11001390FB /* SignUpViewController.m in Sources */ = {isa = PBXBuildFile; fileRef = 6DA427831AD32B11001390FB /* SignUpViewController.m */; };
		6DCCD4F31AD37A630062834B /* FeedCollectionViewCell.m in Sources */ = {isa = PBXBuildFile; fileRef = 6DCCD4F21AD37A630062834B /* FeedCollectionViewCell.m */; };
		6DCCD4F61AD38C400062834B /* MMCropView.m in Sources */ = {isa = PBXBuildFile; fileRef = 6DCCD4F51AD38C400062834B /* MMCropView.m */; };
		6DCCD5041AD398730062834B /* User.m in Sources */ = {isa = PBXBuildFile; fileRef = 6DCCD5031AD398730062834B /* User.m */; };
		6DCCD5071AD3989E0062834B /* Comment.m in Sources */ = {isa = PBXBuildFile; fileRef = 6DCCD5061AD3989E0062834B /* Comment.m */; };
		6DCCD50A1AD399140062834B /* Photo.m in Sources */ = {isa = PBXBuildFile; fileRef = 6DCCD5091AD399140062834B /* Photo.m */; };
		6DCCD50D1AD3B8E00062834B /* SearchViewController.m in Sources */ = {isa = PBXBuildFile; fileRef = 6DCCD50C1AD3B8E00062834B /* SearchViewController.m */; };
		6DCCD5101AD3B9010062834B /* CameraViewController.m in Sources */ = {isa = PBXBuildFile; fileRef = 6DCCD50F1AD3B9010062834B /* CameraViewController.m */; };
		6DCCD5131AD3B9180062834B /* ActivityViewController.m in Sources */ = {isa = PBXBuildFile; fileRef = 6DCCD5121AD3B9180062834B /* ActivityViewController.m */; };
		6DCCD5161AD3B92C0062834B /* ProfileViewController.m in Sources */ = {isa = PBXBuildFile; fileRef = 6DCCD5151AD3B92C0062834B /* ProfileViewController.m */; };
/* End PBXBuildFile section */

/* Begin PBXContainerItemProxy section */
		6DA427401AD31BB5001390FB /* PBXContainerItemProxy */ = {
			isa = PBXContainerItemProxy;
			containerPortal = 6DA4271B1AD31BB4001390FB /* Project object */;
			proxyType = 1;
			remoteGlobalIDString = 6DA427221AD31BB4001390FB;
			remoteInfo = MMInstagram;
		};
/* End PBXContainerItemProxy section */

/* Begin PBXFileReference section */
		6DA427231AD31BB4001390FB /* MMInstagram.app */ = {isa = PBXFileReference; explicitFileType = wrapper.application; includeInIndex = 0; path = MMInstagram.app; sourceTree = BUILT_PRODUCTS_DIR; };
		6DA427271AD31BB5001390FB /* Info.plist */ = {isa = PBXFileReference; lastKnownFileType = text.plist.xml; path = Info.plist; sourceTree = "<group>"; };
		6DA427281AD31BB5001390FB /* main.m */ = {isa = PBXFileReference; lastKnownFileType = sourcecode.c.objc; path = main.m; sourceTree = "<group>"; };
		6DA4272E1AD31BB5001390FB /* MMInstagram.xcdatamodel */ = {isa = PBXFileReference; lastKnownFileType = wrapper.xcdatamodel; path = MMInstagram.xcdatamodel; sourceTree = "<group>"; };
		6DA427341AD31BB5001390FB /* Base */ = {isa = PBXFileReference; lastKnownFileType = file.storyboard; name = Base; path = Base.lproj/Main.storyboard; sourceTree = "<group>"; };
		6DA427361AD31BB5001390FB /* Images.xcassets */ = {isa = PBXFileReference; lastKnownFileType = folder.assetcatalog; path = Images.xcassets; sourceTree = "<group>"; };
		6DA427391AD31BB5001390FB /* Base */ = {isa = PBXFileReference; lastKnownFileType = file.xib; name = Base; path = Base.lproj/LaunchScreen.xib; sourceTree = "<group>"; };
		6DA4273F1AD31BB5001390FB /* MMInstagramTests.xctest */ = {isa = PBXFileReference; explicitFileType = wrapper.cfbundle; includeInIndex = 0; path = MMInstagramTests.xctest; sourceTree = BUILT_PRODUCTS_DIR; };
		6DA427441AD31BB5001390FB /* Info.plist */ = {isa = PBXFileReference; lastKnownFileType = text.plist.xml; path = Info.plist; sourceTree = "<group>"; };
		6DA427451AD31BB5001390FB /* MMInstagramTests.m */ = {isa = PBXFileReference; lastKnownFileType = sourcecode.c.objc; path = MMInstagramTests.m; sourceTree = "<group>"; };
		6DA427521AD325F9001390FB /* MMInstagram-Prefix.pch */ = {isa = PBXFileReference; lastKnownFileType = sourcecode.c.h; name = "MMInstagram-Prefix.pch"; path = "Other Resources/MMInstagram-Prefix.pch"; sourceTree = "<group>"; };
		6DA427541AD3262A001390FB /* AppDelegate.h */ = {isa = PBXFileReference; fileEncoding = 4; lastKnownFileType = sourcecode.c.h; name = AppDelegate.h; path = Classes/AppDelegate.h; sourceTree = "<group>"; };
		6DA427551AD3262A001390FB /* AppDelegate.m */ = {isa = PBXFileReference; fileEncoding = 4; lastKnownFileType = sourcecode.c.objc; name = AppDelegate.m; path = Classes/AppDelegate.m; sourceTree = "<group>"; };
		6DA4275A1AD328F3001390FB /* AdSupport.framework */ = {isa = PBXFileReference; lastKnownFileType = wrapper.framework; name = AdSupport.framework; path = System/Library/Frameworks/AdSupport.framework; sourceTree = SDKROOT; };
		6DA4275C1AD328F9001390FB /* Social.framework */ = {isa = PBXFileReference; lastKnownFileType = wrapper.framework; name = Social.framework; path = System/Library/Frameworks/Social.framework; sourceTree = SDKROOT; };
		6DA4275E1AD32900001390FB /* Accounts.framework */ = {isa = PBXFileReference; lastKnownFileType = wrapper.framework; name = Accounts.framework; path = System/Library/Frameworks/Accounts.framework; sourceTree = SDKROOT; };
		6DA427601AD32908001390FB /* AudioToolbox.framework */ = {isa = PBXFileReference; lastKnownFileType = wrapper.framework; name = AudioToolbox.framework; path = System/Library/Frameworks/AudioToolbox.framework; sourceTree = SDKROOT; };
		6DA427621AD3290D001390FB /* CFNetwork.framework */ = {isa = PBXFileReference; lastKnownFileType = wrapper.framework; name = CFNetwork.framework; path = System/Library/Frameworks/CFNetwork.framework; sourceTree = SDKROOT; };
		6DA427641AD32914001390FB /* CoreGraphics.framework */ = {isa = PBXFileReference; lastKnownFileType = wrapper.framework; name = CoreGraphics.framework; path = System/Library/Frameworks/CoreGraphics.framework; sourceTree = SDKROOT; };
		6DA427661AD3291D001390FB /* Foundation.framework */ = {isa = PBXFileReference; lastKnownFileType = wrapper.framework; name = Foundation.framework; path = System/Library/Frameworks/Foundation.framework; sourceTree = SDKROOT; };
		6DA427681AD32926001390FB /* libsqlite3.dylib */ = {isa = PBXFileReference; lastKnownFileType = "compiled.mach-o.dylib"; name = libsqlite3.dylib; path = usr/lib/libsqlite3.dylib; sourceTree = SDKROOT; };
		6DA4276A1AD32952001390FB /* Bolts.framework */ = {isa = PBXFileReference; lastKnownFileType = wrapper.framework; path = Bolts.framework; sourceTree = "<group>"; };
		6DA4276B1AD32952001390FB /* Parse.framework */ = {isa = PBXFileReference; lastKnownFileType = wrapper.framework; path = Parse.framework; sourceTree = "<group>"; };
		6DA4276E1AD32965001390FB /* CoreLocation.framework */ = {isa = PBXFileReference; lastKnownFileType = wrapper.framework; name = CoreLocation.framework; path = System/Library/Frameworks/CoreLocation.framework; sourceTree = SDKROOT; };
		6DA427701AD3296D001390FB /* MobileCoreServices.framework */ = {isa = PBXFileReference; lastKnownFileType = wrapper.framework; name = MobileCoreServices.framework; path = System/Library/Frameworks/MobileCoreServices.framework; sourceTree = SDKROOT; };
		6DA427721AD32973001390FB /* QuartzCore.framework */ = {isa = PBXFileReference; lastKnownFileType = wrapper.framework; name = QuartzCore.framework; path = System/Library/Frameworks/QuartzCore.framework; sourceTree = SDKROOT; };
		6DA427741AD3297A001390FB /* Security.framework */ = {isa = PBXFileReference; lastKnownFileType = wrapper.framework; name = Security.framework; path = System/Library/Frameworks/Security.framework; sourceTree = SDKROOT; };
		6DA427761AD32981001390FB /* StoreKit.framework */ = {isa = PBXFileReference; lastKnownFileType = wrapper.framework; name = StoreKit.framework; path = System/Library/Frameworks/StoreKit.framework; sourceTree = SDKROOT; };
		6DA427781AD3298E001390FB /* SystemConfiguration.framework */ = {isa = PBXFileReference; lastKnownFileType = wrapper.framework; name = SystemConfiguration.framework; path = System/Library/Frameworks/SystemConfiguration.framework; sourceTree = SDKROOT; };
		6DA4277A1AD32994001390FB /* libz.dylib */ = {isa = PBXFileReference; lastKnownFileType = "compiled.mach-o.dylib"; name = libz.dylib; path = usr/lib/libz.dylib; sourceTree = SDKROOT; };
		6DA4277C1AD32ADE001390FB /* MainViewController.h */ = {isa = PBXFileReference; fileEncoding = 4; lastKnownFileType = sourcecode.c.h; name = MainViewController.h; path = Classes/MainViewController.h; sourceTree = "<group>"; };
		6DA4277D1AD32ADE001390FB /* MainViewController.m */ = {isa = PBXFileReference; fileEncoding = 4; lastKnownFileType = sourcecode.c.objc; name = MainViewController.m; path = Classes/MainViewController.m; sourceTree = "<group>"; };
		6DA4277F1AD32AF4001390FB /* LoginViewController.h */ = {isa = PBXFileReference; fileEncoding = 4; lastKnownFileType = sourcecode.c.h; name = LoginViewController.h; path = Classes/LoginViewController.h; sourceTree = "<group>"; };
		6DA427801AD32AF4001390FB /* LoginViewController.m */ = {isa = PBXFileReference; fileEncoding = 4; lastKnownFileType = sourcecode.c.objc; name = LoginViewController.m; path = Classes/LoginViewController.m; sourceTree = "<group>"; };
		6DA427821AD32B11001390FB /* SignUpViewController.h */ = {isa = PBXFileReference; fileEncoding = 4; lastKnownFileType = sourcecode.c.h; name = SignUpViewController.h; path = Classes/SignUpViewController.h; sourceTree = "<group>"; };
		6DA427831AD32B11001390FB /* SignUpViewController.m */ = {isa = PBXFileReference; fileEncoding = 4; lastKnownFileType = sourcecode.c.objc; name = SignUpViewController.m; path = Classes/SignUpViewController.m; sourceTree = "<group>"; };
		6DCCD4F11AD37A630062834B /* FeedCollectionViewCell.h */ = {isa = PBXFileReference; fileEncoding = 4; lastKnownFileType = sourcecode.c.h; name = FeedCollectionViewCell.h; path = Custom/FeedCollectionViewCell.h; sourceTree = "<group>"; };
		6DCCD4F21AD37A630062834B /* FeedCollectionViewCell.m */ = {isa = PBXFileReference; fileEncoding = 4; lastKnownFileType = sourcecode.c.objc; name = FeedCollectionViewCell.m; path = Custom/FeedCollectionViewCell.m; sourceTree = "<group>"; };
		6DCCD4F41AD38C400062834B /* MMCropView.h */ = {isa = PBXFileReference; fileEncoding = 4; lastKnownFileType = sourcecode.c.h; name = MMCropView.h; path = Custom/MMCropView.h; sourceTree = "<group>"; };
		6DCCD4F51AD38C400062834B /* MMCropView.m */ = {isa = PBXFileReference; fileEncoding = 4; lastKnownFileType = sourcecode.c.objc; name = MMCropView.m; path = Custom/MMCropView.m; sourceTree = "<group>"; };
		6DCCD5021AD398730062834B /* User.h */ = {isa = PBXFileReference; fileEncoding = 4; lastKnownFileType = sourcecode.c.h; name = User.h; path = Model/User.h; sourceTree = "<group>"; };
		6DCCD5031AD398730062834B /* User.m */ = {isa = PBXFileReference; fileEncoding = 4; lastKnownFileType = sourcecode.c.objc; name = User.m; path = Model/User.m; sourceTree = "<group>"; };
		6DCCD5051AD3989E0062834B /* Comment.h */ = {isa = PBXFileReference; fileEncoding = 4; lastKnownFileType = sourcecode.c.h; name = Comment.h; path = Model/Comment.h; sourceTree = "<group>"; };
		6DCCD5061AD3989E0062834B /* Comment.m */ = {isa = PBXFileReference; fileEncoding = 4; lastKnownFileType = sourcecode.c.objc; name = Comment.m; path = Model/Comment.m; sourceTree = "<group>"; };
		6DCCD5081AD399140062834B /* Photo.h */ = {isa = PBXFileReference; fileEncoding = 4; lastKnownFileType = sourcecode.c.h; name = Photo.h; path = Model/Photo.h; sourceTree = "<group>"; };
		6DCCD5091AD399140062834B /* Photo.m */ = {isa = PBXFileReference; fileEncoding = 4; lastKnownFileType = sourcecode.c.objc; name = Photo.m; path = Model/Photo.m; sourceTree = "<group>"; };
		6DCCD50B1AD3B8E00062834B /* SearchViewController.h */ = {isa = PBXFileReference; fileEncoding = 4; lastKnownFileType = sourcecode.c.h; name = SearchViewController.h; path = Classes/SearchViewController.h; sourceTree = "<group>"; };
		6DCCD50C1AD3B8E00062834B /* SearchViewController.m */ = {isa = PBXFileReference; fileEncoding = 4; lastKnownFileType = sourcecode.c.objc; name = SearchViewController.m; path = Classes/SearchViewController.m; sourceTree = "<group>"; };
		6DCCD50E1AD3B9010062834B /* CameraViewController.h */ = {isa = PBXFileReference; fileEncoding = 4; lastKnownFileType = sourcecode.c.h; name = CameraViewController.h; path = Classes/CameraViewController.h; sourceTree = "<group>"; };
		6DCCD50F1AD3B9010062834B /* CameraViewController.m */ = {isa = PBXFileReference; fileEncoding = 4; lastKnownFileType = sourcecode.c.objc; name = CameraViewController.m; path = Classes/CameraViewController.m; sourceTree = "<group>"; };
		6DCCD5111AD3B9180062834B /* ActivityViewController.h */ = {isa = PBXFileReference; fileEncoding = 4; lastKnownFileType = sourcecode.c.h; name = ActivityViewController.h; path = Classes/ActivityViewController.h; sourceTree = "<group>"; };
		6DCCD5121AD3B9180062834B /* ActivityViewController.m */ = {isa = PBXFileReference; fileEncoding = 4; lastKnownFileType = sourcecode.c.objc; name = ActivityViewController.m; path = Classes/ActivityViewController.m; sourceTree = "<group>"; };
		6DCCD5141AD3B92C0062834B /* ProfileViewController.h */ = {isa = PBXFileReference; fileEncoding = 4; lastKnownFileType = sourcecode.c.h; name = ProfileViewController.h; path = Classes/ProfileViewController.h; sourceTree = "<group>"; };
		6DCCD5151AD3B92C0062834B /* ProfileViewController.m */ = {isa = PBXFileReference; fileEncoding = 4; lastKnownFileType = sourcecode.c.objc; name = ProfileViewController.m; path = Classes/ProfileViewController.m; sourceTree = "<group>"; };
/* End PBXFileReference section */

/* Begin PBXFrameworksBuildPhase section */
		6DA427201AD31BB4001390FB /* Frameworks */ = {
			isa = PBXFrameworksBuildPhase;
			buildActionMask = 2147483647;
			files = (
				6DA4277B1AD32994001390FB /* libz.dylib in Frameworks */,
				6DA427791AD3298E001390FB /* SystemConfiguration.framework in Frameworks */,
				6DA427771AD32981001390FB /* StoreKit.framework in Frameworks */,
				6DA427751AD3297A001390FB /* Security.framework in Frameworks */,
				6DA427731AD32973001390FB /* QuartzCore.framework in Frameworks */,
				6DA427711AD3296D001390FB /* MobileCoreServices.framework in Frameworks */,
				6DA4276F1AD32965001390FB /* CoreLocation.framework in Frameworks */,
				6DA427691AD32926001390FB /* libsqlite3.dylib in Frameworks */,
				6DA427671AD3291D001390FB /* Foundation.framework in Frameworks */,
				6DA427651AD32914001390FB /* CoreGraphics.framework in Frameworks */,
				6DA427631AD3290D001390FB /* CFNetwork.framework in Frameworks */,
				6DA4276D1AD32952001390FB /* Parse.framework in Frameworks */,
				6DA427611AD32908001390FB /* AudioToolbox.framework in Frameworks */,
				6DA4275F1AD32900001390FB /* Accounts.framework in Frameworks */,
				6DA4276C1AD32952001390FB /* Bolts.framework in Frameworks */,
				6DA4275D1AD328F9001390FB /* Social.framework in Frameworks */,
				6DA4275B1AD328F3001390FB /* AdSupport.framework in Frameworks */,
			);
			runOnlyForDeploymentPostprocessing = 0;
		};
		6DA4273C1AD31BB5001390FB /* Frameworks */ = {
			isa = PBXFrameworksBuildPhase;
			buildActionMask = 2147483647;
			files = (
			);
			runOnlyForDeploymentPostprocessing = 0;
		};
/* End PBXFrameworksBuildPhase section */

/* Begin PBXGroup section */
		6DA4271A1AD31BB4001390FB = {
			isa = PBXGroup;
			children = (
				6DA427251AD31BB4001390FB /* MMInstagram */,
				6DA427531AD325FE001390FB /* Other Resources */,
				6DA427421AD31BB5001390FB /* MMInstagramTests */,
				6DA427511AD325B2001390FB /* Frameworks */,
				6DA427241AD31BB4001390FB /* Products */,
			);
			sourceTree = "<group>";
		};
		6DA427241AD31BB4001390FB /* Products */ = {
			isa = PBXGroup;
			children = (
				6DA427231AD31BB4001390FB /* MMInstagram.app */,
				6DA4273F1AD31BB5001390FB /* MMInstagramTests.xctest */,
			);
			name = Products;
			sourceTree = "<group>";
		};
		6DA427251AD31BB4001390FB /* MMInstagram */ = {
			isa = PBXGroup;
			children = (
				6DA427331AD31BB5001390FB /* Main.storyboard */,
				6DCCD4F01AD37A4A0062834B /* Custom */,
				6DA427501AD325AD001390FB /* Model */,
				6DA4274F1AD325A9001390FB /* Classes */,
				6DCCD5011AD397BD0062834B /* Categories */,
				6DA427261AD31BB4001390FB /* Supporting Files */,
			);
			path = MMInstagram;
			sourceTree = "<group>";
		};
		6DA427261AD31BB4001390FB /* Supporting Files */ = {
			isa = PBXGroup;
			children = (
				6DA427361AD31BB5001390FB /* Images.xcassets */,
				6DA427381AD31BB5001390FB /* LaunchScreen.xib */,
				6DA427271AD31BB5001390FB /* Info.plist */,
				6DA427281AD31BB5001390FB /* main.m */,
			);
			name = "Supporting Files";
			sourceTree = "<group>";
		};
		6DA427421AD31BB5001390FB /* MMInstagramTests */ = {
			isa = PBXGroup;
			children = (
				6DA427451AD31BB5001390FB /* MMInstagramTests.m */,
				6DA427431AD31BB5001390FB /* Supporting Files */,
			);
			path = MMInstagramTests;
			sourceTree = "<group>";
		};
		6DA427431AD31BB5001390FB /* Supporting Files */ = {
			isa = PBXGroup;
			children = (
				6DA427441AD31BB5001390FB /* Info.plist */,
			);
			name = "Supporting Files";
			sourceTree = "<group>";
		};
		6DA4274F1AD325A9001390FB /* Classes */ = {
			isa = PBXGroup;
			children = (
				6DA427541AD3262A001390FB /* AppDelegate.h */,
				6DA427551AD3262A001390FB /* AppDelegate.m */,
				6DA4277C1AD32ADE001390FB /* MainViewController.h */,
				6DA4277D1AD32ADE001390FB /* MainViewController.m */,
				6DA4277F1AD32AF4001390FB /* LoginViewController.h */,
				6DA427801AD32AF4001390FB /* LoginViewController.m */,
				6DA427821AD32B11001390FB /* SignUpViewController.h */,
				6DA427831AD32B11001390FB /* SignUpViewController.m */,
				6DCCD50B1AD3B8E00062834B /* SearchViewController.h */,
				6DCCD50C1AD3B8E00062834B /* SearchViewController.m */,
				6DCCD50E1AD3B9010062834B /* CameraViewController.h */,
				6DCCD50F1AD3B9010062834B /* CameraViewController.m */,
				6DCCD5111AD3B9180062834B /* ActivityViewController.h */,
				6DCCD5121AD3B9180062834B /* ActivityViewController.m */,
				6DCCD5141AD3B92C0062834B /* ProfileViewController.h */,
				6DCCD5151AD3B92C0062834B /* ProfileViewController.m */,
			);
			name = Classes;
			sourceTree = "<group>";
		};
		6DA427501AD325AD001390FB /* Model */ = {
			isa = PBXGroup;
			children = (
				6DA4272D1AD31BB5001390FB /* MMInstagram.xcdatamodeld */,
				6DCCD5021AD398730062834B /* User.h */,
				6DCCD5031AD398730062834B /* User.m */,
				6DCCD5051AD3989E0062834B /* Comment.h */,
				6DCCD5061AD3989E0062834B /* Comment.m */,
				6DCCD5081AD399140062834B /* Photo.h */,
				6DCCD5091AD399140062834B /* Photo.m */,
			);
			name = Model;
			sourceTree = "<group>";
		};
		6DA427511AD325B2001390FB /* Frameworks */ = {
			isa = PBXGroup;
			children = (
				6DA4277A1AD32994001390FB /* libz.dylib */,
				6DA427781AD3298E001390FB /* SystemConfiguration.framework */,
				6DA427761AD32981001390FB /* StoreKit.framework */,
				6DA427741AD3297A001390FB /* Security.framework */,
				6DA427721AD32973001390FB /* QuartzCore.framework */,
				6DA427701AD3296D001390FB /* MobileCoreServices.framework */,
				6DA4276E1AD32965001390FB /* CoreLocation.framework */,
				6DA4276A1AD32952001390FB /* Bolts.framework */,
				6DA4276B1AD32952001390FB /* Parse.framework */,
				6DA427681AD32926001390FB /* libsqlite3.dylib */,
				6DA427661AD3291D001390FB /* Foundation.framework */,
				6DA427641AD32914001390FB /* CoreGraphics.framework */,
				6DA427621AD3290D001390FB /* CFNetwork.framework */,
				6DA427601AD32908001390FB /* AudioToolbox.framework */,
				6DA4275E1AD32900001390FB /* Accounts.framework */,
				6DA4275C1AD328F9001390FB /* Social.framework */,
				6DA4275A1AD328F3001390FB /* AdSupport.framework */,
			);
			name = Frameworks;
			sourceTree = "<group>";
		};
		6DA427531AD325FE001390FB /* Other Resources */ = {
			isa = PBXGroup;
			children = (
				6DA427521AD325F9001390FB /* MMInstagram-Prefix.pch */,
			);
			name = "Other Resources";
			path = MMInstagram;
			sourceTree = "<group>";
		};
		6DCCD4F01AD37A4A0062834B /* Custom */ = {
			isa = PBXGroup;
			children = (
				6DCCD4F11AD37A630062834B /* FeedCollectionViewCell.h */,
				6DCCD4F21AD37A630062834B /* FeedCollectionViewCell.m */,
				6DCCD4F41AD38C400062834B /* MMCropView.h */,
				6DCCD4F51AD38C400062834B /* MMCropView.m */,
			);
			name = Custom;
			sourceTree = "<group>";
		};
		6DCCD5011AD397BD0062834B /* Categories */ = {
			isa = PBXGroup;
			children = (
			);
			name = Categories;
			sourceTree = "<group>";
		};
/* End PBXGroup section */

/* Begin PBXNativeTarget section */
		6DA427221AD31BB4001390FB /* MMInstagram */ = {
			isa = PBXNativeTarget;
			buildConfigurationList = 6DA427491AD31BB5001390FB /* Build configuration list for PBXNativeTarget "MMInstagram" */;
			buildPhases = (
				6DA4271F1AD31BB4001390FB /* Sources */,
				6DA427201AD31BB4001390FB /* Frameworks */,
				6DA427211AD31BB4001390FB /* Resources */,
			);
			buildRules = (
			);
			dependencies = (
			);
			name = MMInstagram;
			productName = MMInstagram;
			productReference = 6DA427231AD31BB4001390FB /* MMInstagram.app */;
			productType = "com.apple.product-type.application";
		};
		6DA4273E1AD31BB5001390FB /* MMInstagramTests */ = {
			isa = PBXNativeTarget;
			buildConfigurationList = 6DA4274C1AD31BB5001390FB /* Build configuration list for PBXNativeTarget "MMInstagramTests" */;
			buildPhases = (
				6DA4273B1AD31BB5001390FB /* Sources */,
				6DA4273C1AD31BB5001390FB /* Frameworks */,
				6DA4273D1AD31BB5001390FB /* Resources */,
			);
			buildRules = (
			);
			dependencies = (
				6DA427411AD31BB5001390FB /* PBXTargetDependency */,
			);
			name = MMInstagramTests;
			productName = MMInstagramTests;
			productReference = 6DA4273F1AD31BB5001390FB /* MMInstagramTests.xctest */;
			productType = "com.apple.product-type.bundle.unit-test";
		};
/* End PBXNativeTarget section */

/* Begin PBXProject section */
		6DA4271B1AD31BB4001390FB /* Project object */ = {
			isa = PBXProject;
			attributes = {
				LastUpgradeCheck = 0620;
				ORGANIZATIONNAME = Fantastik;
				TargetAttributes = {
					6DA427221AD31BB4001390FB = {
						CreatedOnToolsVersion = 6.2;
					};
					6DA4273E1AD31BB5001390FB = {
						CreatedOnToolsVersion = 6.2;
						TestTargetID = 6DA427221AD31BB4001390FB;
					};
				};
			};
			buildConfigurationList = 6DA4271E1AD31BB4001390FB /* Build configuration list for PBXProject "MMInstagram" */;
			compatibilityVersion = "Xcode 3.2";
			developmentRegion = English;
			hasScannedForEncodings = 0;
			knownRegions = (
				en,
				Base,
			);
			mainGroup = 6DA4271A1AD31BB4001390FB;
			productRefGroup = 6DA427241AD31BB4001390FB /* Products */;
			projectDirPath = "";
			projectRoot = "";
			targets = (
				6DA427221AD31BB4001390FB /* MMInstagram */,
				6DA4273E1AD31BB5001390FB /* MMInstagramTests */,
			);
		};
/* End PBXProject section */

/* Begin PBXResourcesBuildPhase section */
		6DA427211AD31BB4001390FB /* Resources */ = {
			isa = PBXResourcesBuildPhase;
			buildActionMask = 2147483647;
			files = (
				6DA427351AD31BB5001390FB /* Main.storyboard in Resources */,
				6DA4273A1AD31BB5001390FB /* LaunchScreen.xib in Resources */,
				6DA427371AD31BB5001390FB /* Images.xcassets in Resources */,
			);
			runOnlyForDeploymentPostprocessing = 0;
		};
		6DA4273D1AD31BB5001390FB /* Resources */ = {
			isa = PBXResourcesBuildPhase;
			buildActionMask = 2147483647;
			files = (
			);
			runOnlyForDeploymentPostprocessing = 0;
		};
/* End PBXResourcesBuildPhase section */

/* Begin PBXSourcesBuildPhase section */
		6DA4271F1AD31BB4001390FB /* Sources */ = {
			isa = PBXSourcesBuildPhase;
			buildActionMask = 2147483647;
			files = (
				6DCCD4F61AD38C400062834B /* MMCropView.m in Sources */,
				6DA4272F1AD31BB5001390FB /* MMInstagram.xcdatamodeld in Sources */,
				6DCCD5041AD398730062834B /* User.m in Sources */,
				6DCCD5071AD3989E0062834B /* Comment.m in Sources */,
				6DCCD5161AD3B92C0062834B /* ProfileViewController.m in Sources */,
				6DA427291AD31BB5001390FB /* main.m in Sources */,
				6DCCD5131AD3B9180062834B /* ActivityViewController.m in Sources */,
				6DA427841AD32B11001390FB /* SignUpViewController.m in Sources */,
				6DCCD4F31AD37A630062834B /* FeedCollectionViewCell.m in Sources */,
				6DA427581AD3262A001390FB /* AppDelegate.m in Sources */,
				6DCCD50A1AD399140062834B /* Photo.m in Sources */,
				6DCCD5101AD3B9010062834B /* CameraViewController.m in Sources */,
				6DA4277E1AD32ADE001390FB /* MainViewController.m in Sources */,
				6DCCD50D1AD3B8E00062834B /* SearchViewController.m in Sources */,
				6DA427811AD32AF4001390FB /* LoginViewController.m in Sources */,
			);
			runOnlyForDeploymentPostprocessing = 0;
		};
		6DA4273B1AD31BB5001390FB /* Sources */ = {
			isa = PBXSourcesBuildPhase;
			buildActionMask = 2147483647;
			files = (
				6DA427461AD31BB5001390FB /* MMInstagramTests.m in Sources */,
			);
			runOnlyForDeploymentPostprocessing = 0;
		};
/* End PBXSourcesBuildPhase section */

/* Begin PBXTargetDependency section */
		6DA427411AD31BB5001390FB /* PBXTargetDependency */ = {
			isa = PBXTargetDependency;
			target = 6DA427221AD31BB4001390FB /* MMInstagram */;
			targetProxy = 6DA427401AD31BB5001390FB /* PBXContainerItemProxy */;
		};
/* End PBXTargetDependency section */

/* Begin PBXVariantGroup section */
		6DA427331AD31BB5001390FB /* Main.storyboard */ = {
			isa = PBXVariantGroup;
			children = (
				6DA427341AD31BB5001390FB /* Base */,
			);
			name = Main.storyboard;
			sourceTree = "<group>";
		};
		6DA427381AD31BB5001390FB /* LaunchScreen.xib */ = {
			isa = PBXVariantGroup;
			children = (
				6DA427391AD31BB5001390FB /* Base */,
			);
			name = LaunchScreen.xib;
			sourceTree = "<group>";
		};
/* End PBXVariantGroup section */

/* Begin XCBuildConfiguration section */
		6DA427471AD31BB5001390FB /* Debug */ = {
			isa = XCBuildConfiguration;
			buildSettings = {
				ALWAYS_SEARCH_USER_PATHS = NO;
				CLANG_CXX_LANGUAGE_STANDARD = "gnu++0x";
				CLANG_CXX_LIBRARY = "libc++";
				CLANG_ENABLE_MODULES = YES;
				CLANG_ENABLE_OBJC_ARC = YES;
				CLANG_WARN_BOOL_CONVERSION = YES;
				CLANG_WARN_CONSTANT_CONVERSION = YES;
				CLANG_WARN_DIRECT_OBJC_ISA_USAGE = YES_ERROR;
				CLANG_WARN_EMPTY_BODY = YES;
				CLANG_WARN_ENUM_CONVERSION = YES;
				CLANG_WARN_INT_CONVERSION = YES;
				CLANG_WARN_OBJC_ROOT_CLASS = YES_ERROR;
				CLANG_WARN_UNREACHABLE_CODE = YES;
				CLANG_WARN__DUPLICATE_METHOD_MATCH = YES;
				"CODE_SIGN_IDENTITY[sdk=iphoneos*]" = "iPhone Developer";
				COPY_PHASE_STRIP = NO;
				ENABLE_STRICT_OBJC_MSGSEND = YES;
				GCC_C_LANGUAGE_STANDARD = gnu99;
				GCC_DYNAMIC_NO_PIC = NO;
				GCC_OPTIMIZATION_LEVEL = 0;
				GCC_PREPROCESSOR_DEFINITIONS = (
					"DEBUG=1",
					"$(inherited)",
				);
				GCC_SYMBOLS_PRIVATE_EXTERN = NO;
				GCC_WARN_64_TO_32_BIT_CONVERSION = YES;
				GCC_WARN_ABOUT_RETURN_TYPE = YES_ERROR;
				GCC_WARN_UNDECLARED_SELECTOR = YES;
				GCC_WARN_UNINITIALIZED_AUTOS = YES_AGGRESSIVE;
				GCC_WARN_UNUSED_FUNCTION = YES;
				GCC_WARN_UNUSED_VARIABLE = YES;
				IPHONEOS_DEPLOYMENT_TARGET = 8.2;
				MTL_ENABLE_DEBUG_INFO = YES;
				ONLY_ACTIVE_ARCH = YES;
				SDKROOT = iphoneos;
			};
			name = Debug;
		};
		6DA427481AD31BB5001390FB /* Release */ = {
			isa = XCBuildConfiguration;
			buildSettings = {
				ALWAYS_SEARCH_USER_PATHS = NO;
				CLANG_CXX_LANGUAGE_STANDARD = "gnu++0x";
				CLANG_CXX_LIBRARY = "libc++";
				CLANG_ENABLE_MODULES = YES;
				CLANG_ENABLE_OBJC_ARC = YES;
				CLANG_WARN_BOOL_CONVERSION = YES;
				CLANG_WARN_CONSTANT_CONVERSION = YES;
				CLANG_WARN_DIRECT_OBJC_ISA_USAGE = YES_ERROR;
				CLANG_WARN_EMPTY_BODY = YES;
				CLANG_WARN_ENUM_CONVERSION = YES;
				CLANG_WARN_INT_CONVERSION = YES;
				CLANG_WARN_OBJC_ROOT_CLASS = YES_ERROR;
				CLANG_WARN_UNREACHABLE_CODE = YES;
				CLANG_WARN__DUPLICATE_METHOD_MATCH = YES;
				"CODE_SIGN_IDENTITY[sdk=iphoneos*]" = "iPhone Developer";
				COPY_PHASE_STRIP = NO;
				ENABLE_NS_ASSERTIONS = NO;
				ENABLE_STRICT_OBJC_MSGSEND = YES;
				GCC_C_LANGUAGE_STANDARD = gnu99;
				GCC_WARN_64_TO_32_BIT_CONVERSION = YES;
				GCC_WARN_ABOUT_RETURN_TYPE = YES_ERROR;
				GCC_WARN_UNDECLARED_SELECTOR = YES;
				GCC_WARN_UNINITIALIZED_AUTOS = YES_AGGRESSIVE;
				GCC_WARN_UNUSED_FUNCTION = YES;
				GCC_WARN_UNUSED_VARIABLE = YES;
				IPHONEOS_DEPLOYMENT_TARGET = 8.2;
				MTL_ENABLE_DEBUG_INFO = NO;
				SDKROOT = iphoneos;
				VALIDATE_PRODUCT = YES;
			};
			name = Release;
		};
		6DA4274A1AD31BB5001390FB /* Debug */ = {
			isa = XCBuildConfiguration;
			buildSettings = {
				ASSETCATALOG_COMPILER_APPICON_NAME = AppIcon;
				FRAMEWORK_SEARCH_PATHS = (
					"$(inherited)",
					"$(PROJECT_DIR)",
				);
				GCC_PRECOMPILE_PREFIX_HEADER = YES;
				GCC_PREFIX_HEADER = "MMInstagram/Other Resources/MMInstagram-Prefix.pch";
				INFOPLIST_FILE = MMInstagram/Info.plist;
				LD_RUNPATH_SEARCH_PATHS = "$(inherited) @executable_path/Frameworks";
				PRODUCT_NAME = "$(TARGET_NAME)";
			};
			name = Debug;
		};
		6DA4274B1AD31BB5001390FB /* Release */ = {
			isa = XCBuildConfiguration;
			buildSettings = {
				ASSETCATALOG_COMPILER_APPICON_NAME = AppIcon;
				FRAMEWORK_SEARCH_PATHS = (
					"$(inherited)",
					"$(PROJECT_DIR)",
				);
				GCC_PRECOMPILE_PREFIX_HEADER = YES;
				GCC_PREFIX_HEADER = "MMInstagram/Other Resources/MMInstagram-Prefix.pch";
				INFOPLIST_FILE = MMInstagram/Info.plist;
				LD_RUNPATH_SEARCH_PATHS = "$(inherited) @executable_path/Frameworks";
				PRODUCT_NAME = "$(TARGET_NAME)";
			};
			name = Release;
		};
		6DA4274D1AD31BB5001390FB /* Debug */ = {
			isa = XCBuildConfiguration;
			buildSettings = {
				BUNDLE_LOADER = "$(TEST_HOST)";
				FRAMEWORK_SEARCH_PATHS = (
					"$(SDKROOT)/Developer/Library/Frameworks",
					"$(inherited)",
				);
				GCC_PREPROCESSOR_DEFINITIONS = (
					"DEBUG=1",
					"$(inherited)",
				);
				INFOPLIST_FILE = MMInstagramTests/Info.plist;
				LD_RUNPATH_SEARCH_PATHS = "$(inherited) @executable_path/Frameworks @loader_path/Frameworks";
				PRODUCT_NAME = "$(TARGET_NAME)";
				TEST_HOST = "$(BUILT_PRODUCTS_DIR)/MMInstagram.app/MMInstagram";
			};
			name = Debug;
		};
		6DA4274E1AD31BB5001390FB /* Release */ = {
			isa = XCBuildConfiguration;
			buildSettings = {
				BUNDLE_LOADER = "$(TEST_HOST)";
				FRAMEWORK_SEARCH_PATHS = (
					"$(SDKROOT)/Developer/Library/Frameworks",
					"$(inherited)",
				);
				INFOPLIST_FILE = MMInstagramTests/Info.plist;
				LD_RUNPATH_SEARCH_PATHS = "$(inherited) @executable_path/Frameworks @loader_path/Frameworks";
				PRODUCT_NAME = "$(TARGET_NAME)";
				TEST_HOST = "$(BUILT_PRODUCTS_DIR)/MMInstagram.app/MMInstagram";
			};
			name = Release;
		};
/* End XCBuildConfiguration section */

/* Begin XCConfigurationList section */
		6DA4271E1AD31BB4001390FB /* Build configuration list for PBXProject "MMInstagram" */ = {
			isa = XCConfigurationList;
			buildConfigurations = (
				6DA427471AD31BB5001390FB /* Debug */,
				6DA427481AD31BB5001390FB /* Release */,
			);
			defaultConfigurationIsVisible = 0;
			defaultConfigurationName = Release;
		};
		6DA427491AD31BB5001390FB /* Build configuration list for PBXNativeTarget "MMInstagram" */ = {
			isa = XCConfigurationList;
			buildConfigurations = (
				6DA4274A1AD31BB5001390FB /* Debug */,
				6DA4274B1AD31BB5001390FB /* Release */,
			);
			defaultConfigurationIsVisible = 0;
			defaultConfigurationName = Release;
		};
		6DA4274C1AD31BB5001390FB /* Build configuration list for PBXNativeTarget "MMInstagramTests" */ = {
			isa = XCConfigurationList;
			buildConfigurations = (
				6DA4274D1AD31BB5001390FB /* Debug */,
				6DA4274E1AD31BB5001390FB /* Release */,
			);
			defaultConfigurationIsVisible = 0;
			defaultConfigurationName = Release;
		};
/* End XCConfigurationList section */

/* Begin XCVersionGroup section */
		6DA4272D1AD31BB5001390FB /* MMInstagram.xcdatamodeld */ = {
			isa = XCVersionGroup;
			children = (
				6DA4272E1AD31BB5001390FB /* MMInstagram.xcdatamodel */,
			);
			currentVersion = 6DA4272E1AD31BB5001390FB /* MMInstagram.xcdatamodel */;
			path = MMInstagram.xcdatamodeld;
			sourceTree = "<group>";
			versionGroupType = wrapper.xcdatamodel;
		};
/* End XCVersionGroup section */
	};
	rootObject = 6DA4271B1AD31BB4001390FB /* Project object */;
}
